
Microsoft Visual Studio Solution File, Format Version 12.00
# Visual Studio Version 17
VisualStudioVersion = 17.0.31912.275
MinimumVisualStudioVersion = 10.0.40219.1
Project("{FAE04EC0-301F-11D3-BF4B-00C04F79EFBC}") = "Arrays", "Arrays\Arrays.csproj", "{D948327A-FC95-4C50-BD2D-654E0BF35AD7}"
EndProject
Global
	GlobalSection(SolutionConfigurationPlatforms) = preSolution
		Debug|Any CPU = Debug|Any CPU
		Release|Any CPU = Release|Any CPU
	EndGlobalSection
	GlobalSection(ProjectConfigurationPlatforms) = postSolution
		{D948327A-FC95-4C50-BD2D-654E0BF35AD7}.Debug|Any CPU.ActiveCfg = Debug|Any CPU
		{D948327A-FC95-4C50-BD2D-654E0BF35AD7}.Debug|Any CPU.Build.0 = Debug|Any CPU
		{D948327A-FC95-4C50-BD2D-654E0BF35AD7}.Release|Any CPU.ActiveCfg = Release|Any CPU
		{D948327A-FC95-4C50-BD2D-654E0BF35AD7}.Release|Any CPU.Build.0 = Release|Any CPU
	EndGlobalSection
	GlobalSection(SolutionProperties) = preSolution
		HideSolutionNode = FALSE
	EndGlobalSection
	GlobalSection(ExtensibilityGlobals) = postSolution
		SolutionGuid = {4CA640F2-6F29-429F-9A9D-6768F1021CE3}
	EndGlobalSection
EndGlobal
